Microsoft Visual Studio Solution File, Format Version 12.00
# Visual Studio 2012
Project("{FAE04EC0-301F-11D3-BF4B-00C04F79EFBC}") = "AIProj1", "AIProj1.csproj", "{01CF2A31-D579-464D-9B0A-C359DA7B3319}"
EndProject
Global
	GlobalSection(SolutionConfigurationPlatforms) = preSolution
	Debug|Any CPU = Debug|Any CPU
	ExportDebug|Any CPU = ExportDebug|Any CPU
	ExportRelease|Any CPU = ExportRelease|Any CPU
	EndGlobalSection
	GlobalSection(ProjectConfigurationPlatforms) = postSolution
		{01CF2A31-D579-464D-9B0A-C359DA7B3319}.Debug|Any CPU.ActiveCfg = Debug|Any CPU
		{01CF2A31-D579-464D-9B0A-C359DA7B3319}.Debug|Any CPU.Build.0 = Debug|Any CPU
		{01CF2A31-D579-464D-9B0A-C359DA7B3319}.ExportDebug|Any CPU.ActiveCfg = ExportDebug|Any CPU
		{01CF2A31-D579-464D-9B0A-C359DA7B3319}.ExportDebug|Any CPU.Build.0 = ExportDebug|Any CPU
		{01CF2A31-D579-464D-9B0A-C359DA7B3319}.ExportRelease|Any CPU.ActiveCfg = ExportRelease|Any CPU
		{01CF2A31-D579-464D-9B0A-C359DA7B3319}.ExportRelease|Any CPU.Build.0 = ExportRelease|Any CPU
	EndGlobalSection
EndGlobal
